{
  "requires": true,
  "lockfileVersion": 1,
  "dependencies": {
    "codemirror": {
      "version": "5.48.4",
      "resolved": "https://registry.npmjs.org/codemirror/-/codemirror-5.48.4.tgz",
      "integrity": "sha512-pUhZXDQ6qXSpWdwlgAwHEkd4imA0kf83hINmUEzJpmG80T/XLtDDEzZo8f6PQLuRCcUQhmzqqIo3ZPTRaWByRA=="
    },
    "react-codemirror-runmode": {
      "version": "1.0.5",
      "resolved": "https://registry.npmjs.org/react-codemirror-runmode/-/react-codemirror-runmode-1.0.5.tgz",
      "integrity": "sha512-6TzbODi0WSllc0VOwOjTpZxE9wUheMMpmBNydzR5o0NbbBLX0j73xutH/o85BTG9NKs06sFEBMvCsRKT6jRz8A=="
    }
  }
}
